
Microsoft Visual Studio Solution File, Format Version 12.00
# Visual Studio 2013
VisualStudioVersion = 12.0.30723.0
MinimumVisualStudioVersion = 10.0.40219.1
Project("{FAE04EC0-301F-11D3-BF4B-00C04F79EFBC}") = "desking", "desking\desking.csproj", "{A91C5231-97AA-4D2C-B603-04B286BB1F72}"
EndProject
Project("{FAE04EC0-301F-11D3-BF4B-00C04F79EFBC}") = "DBRepository", "DBRepository\DBRepository.csproj", "{C0A623DA-CA30-42CC-B3E9-57FEB4663070}"
EndProject
Project("{FAE04EC0-301F-11D3-BF4B-00C04F79EFBC}") = "DomainModels", "DomainModels\DomainModels.csproj", "{04F6E70E-1843-440A-88E2-2A708B1F7CBF}"
EndProject
Project("{FAE04EC0-301F-11D3-BF4B-00C04F79EFBC}") = "Utility", "Utility\Utility.csproj", "{1D81CCE8-56F5-47BE-B323-93D1D963AE15}"
EndProject
Project("{FAE04EC0-301F-11D3-BF4B-00C04F79EFBC}") = "ViewModels", "ViewModels\ViewModels.csproj", "{C643642E-66B9-47AB-9F30-EEB7112188DE}"
EndProject
Global
	GlobalSection(SolutionConfigurationPlatforms) = preSolution
		Debug|Any CPU = Debug|Any CPU
		Release|Any CPU = Release|Any CPU
	EndGlobalSection
	GlobalSection(ProjectConfigurationPlatforms) = postSolution
		{A91C5231-97AA-4D2C-B603-04B286BB1F72}.Debug|Any CPU.ActiveCfg = Debug|Any CPU
		{A91C5231-97AA-4D2C-B603-04B286BB1F72}.Debug|Any CPU.Build.0 = Debug|Any CPU
		{A91C5231-97AA-4D2C-B603-04B286BB1F72}.Release|Any CPU.ActiveCfg = Release|Any CPU
		{A91C5231-97AA-4D2C-B603-04B286BB1F72}.Release|Any CPU.Build.0 = Release|Any CPU
		{C0A623DA-CA30-42CC-B3E9-57FEB4663070}.Debug|Any CPU.ActiveCfg = Debug|Any CPU
		{C0A623DA-CA30-42CC-B3E9-57FEB4663070}.Debug|Any CPU.Build.0 = Debug|Any CPU
		{C0A623DA-CA30-42CC-B3E9-57FEB4663070}.Release|Any CPU.ActiveCfg = Release|Any CPU
		{C0A623DA-CA30-42CC-B3E9-57FEB4663070}.Release|Any CPU.Build.0 = Release|Any CPU
		{04F6E70E-1843-440A-88E2-2A708B1F7CBF}.Debug|Any CPU.ActiveCfg = Debug|Any CPU
		{04F6E70E-1843-440A-88E2-2A708B1F7CBF}.Debug|Any CPU.Build.0 = Debug|Any CPU
		{04F6E70E-1843-440A-88E2-2A708B1F7CBF}.Release|Any CPU.ActiveCfg = Release|Any CPU
		{04F6E70E-1843-440A-88E2-2A708B1F7CBF}.Release|Any CPU.Build.0 = Release|Any CPU
		{1D81CCE8-56F5-47BE-B323-93D1D963AE15}.Debug|Any CPU.ActiveCfg = Debug|Any CPU
		{1D81CCE8-56F5-47BE-B323-93D1D963AE15}.Debug|Any CPU.Build.0 = Debug|Any CPU
		{1D81CCE8-56F5-47BE-B323-93D1D963AE15}.Release|Any CPU.ActiveCfg = Release|Any CPU
		{1D81CCE8-56F5-47BE-B323-93D1D963AE15}.Release|Any CPU.Build.0 = Release|Any CPU
		{C643642E-66B9-47AB-9F30-EEB7112188DE}.Debug|Any CPU.ActiveCfg = Debug|Any CPU
		{C643642E-66B9-47AB-9F30-EEB7112188DE}.Debug|Any CPU.Build.0 = Debug|Any CPU
		{C643642E-66B9-47AB-9F30-EEB7112188DE}.Release|Any CPU.ActiveCfg = Release|Any CPU
		{C643642E-66B9-47AB-9F30-EEB7112188DE}.Release|Any CPU.Build.0 = Release|Any CPU
	EndGlobalSection
	GlobalSection(SolutionProperties) = preSolution
		HideSolutionNode = FALSE
	EndGlobalSection
EndGlobal
